
Microsoft Visual Studio Solution File, Format Version 12.00
# Visual Studio Version 16
VisualStudioVersion = 16.0.29613.14
MinimumVisualStudioVersion = 10.0.40219.1
Project("{FAE04EC0-301F-11D3-BF4B-00C04F79EFBC}") = "Tr_ConsumeAPI", "Tr_ConsumeAPI.csproj", "{0EADC39F-9926-4060-AEBC-91AE8EC20F77}"
EndProject
Project("{FAE04EC0-301F-11D3-BF4B-00C04F79EFBC}") = "API", "API\API.csproj", "{C8B7498F-31C0-49CB-BAAD-E9E0B562D346}"
EndProject
Global
	GlobalSection(SolutionConfigurationPlatforms) = preSolution
		Debug|Any CPU = Debug|Any CPU
		Release|Any CPU = Release|Any CPU
	EndGlobalSection
	GlobalSection(ProjectConfigurationPlatforms) = postSolution
		{0EADC39F-9926-4060-AEBC-91AE8EC20F77}.Debug|Any CPU.ActiveCfg = Debug|Any CPU
		{0EADC39F-9926-4060-AEBC-91AE8EC20F77}.Debug|Any CPU.Build.0 = Debug|Any CPU
		{0EADC39F-9926-4060-AEBC-91AE8EC20F77}.Release|Any CPU.ActiveCfg = Release|Any CPU
		{0EADC39F-9926-4060-AEBC-91AE8EC20F77}.Release|Any CPU.Build.0 = Release|Any CPU
		{C8B7498F-31C0-49CB-BAAD-E9E0B562D346}.Debug|Any CPU.ActiveCfg = Debug|Any CPU
		{C8B7498F-31C0-49CB-BAAD-E9E0B562D346}.Debug|Any CPU.Build.0 = Debug|Any CPU
		{C8B7498F-31C0-49CB-BAAD-E9E0B562D346}.Release|Any CPU.ActiveCfg = Release|Any CPU
		{C8B7498F-31C0-49CB-BAAD-E9E0B562D346}.Release|Any CPU.Build.0 = Release|Any CPU
	EndGlobalSection
	GlobalSection(SolutionProperties) = preSolution
		HideSolutionNode = FALSE
	EndGlobalSection
	GlobalSection(ExtensibilityGlobals) = postSolution
		SolutionGuid = {E9413F6D-7BDB-4F9B-A4BE-B449C1BFB51F}
	EndGlobalSection
EndGlobal
